<Solution>
  <Folder Name="/src/">
    <Project Path="src/TremorScope.App/TremorScope.App.csproj" />
    <Project Path="src/TremorScope.Core/TremorScope.Core.csproj" />
    <Project Path="src/TremorScope.Infrastructure/TremorScope.Infrastructure.csproj" />
    <Project Path="src/TremorScope.Web/TremorScope.Web.csproj" />
  </Folder>
  <Folder Name="/tests/">
    <Project Path="tests/TremorScope.Tests/TremorScope.Tests.csproj" />
  </Folder>
</Solution>
